
Microsoft Visual Studio Solution File, Format Version 12.00
# Visual Studio Version 17
VisualStudioVersion = 17.4.33213.308
MinimumVisualStudioVersion = 10.0.40219.1
Project("{FAE04EC0-301F-11D3-BF4B-00C04F79EFBC}") = "ConsoleApp16", "ConsoleApp16\ConsoleApp16.csproj", "{AD41FE83-EB90-4DC1-B868-9330299B9473}"
EndProject
Global
	GlobalSection(SolutionConfigurationPlatforms) = preSolution
		Debug|Any CPU = Debug|Any CPU
		Release|Any CPU = Release|Any CPU
	EndGlobalSection
	GlobalSection(ProjectConfigurationPlatforms) = postSolution
		{AD41FE83-EB90-4DC1-B868-9330299B9473}.Debug|Any CPU.ActiveCfg = Debug|Any CPU
		{AD41FE83-EB90-4DC1-B868-9330299B9473}.Debug|Any CPU.Build.0 = Debug|Any CPU
		{AD41FE83-EB90-4DC1-B868-9330299B9473}.Release|Any CPU.ActiveCfg = Release|Any CPU
		{AD41FE83-EB90-4DC1-B868-9330299B9473}.Release|Any CPU.Build.0 = Release|Any CPU
	EndGlobalSection
	GlobalSection(SolutionProperties) = preSolution
		HideSolutionNode = FALSE
	EndGlobalSection
	GlobalSection(ExtensibilityGlobals) = postSolution
		SolutionGuid = {2FBA345D-B38F-4E96-91CE-231FC33EFD1C}
	EndGlobalSection
EndGlobal
